// !$*UTF8*$!
{
	archiveVersion = 1;
	classes = {
	};
	objectVersion = 55;
	objects = {

/* Begin PBXBuildFile section */
		6AADD1DA2975FDDD003D9982 /* AppDelegate.swift in Sources */ = {isa = PBXBuildFile; fileRef = 6AADD1D92975FDDD003D9982 /* AppDelegate.swift */; };
		6AADD1DC2975FDDD003D9982 /* SceneDelegate.swift in Sources */ = {isa = PBXBuildFile; fileRef = 6AADD1DB2975FDDD003D9982 /* SceneDelegate.swift */; };
		6AADD1DE2975FDDD003D9982 /* ViewController.swift in Sources */ = {isa = PBXBuildFile; fileRef = 6AADD1DD2975FDDD003D9982 /* ViewController.swift */; };
		6AADD1E32975FDDF003D9982 /* Assets.xcassets in Resources */ = {isa = PBXBuildFile; fileRef = 6AADD1E22975FDDF003D9982 /* Assets.xcassets */; };
		6AADD1E62975FDDF003D9982 /* LaunchScreen.storyboard in Resources */ = {isa = PBXBuildFile; fileRef = 6AADD1E42975FDDF003D9982 /* LaunchScreen.storyboard */; };
		6AADD1EE297751E5003D9982 /* HomeContactsViewController.swift in Sources */ = {isa = PBXBuildFile; fileRef = 6AADD1ED297751E5003D9982 /* HomeContactsViewController.swift */; };
		6AADD1F129775275003D9982 /* HomeTableViewCell.swift in Sources */ = {isa = PBXBuildFile; fileRef = 6AADD1F029775275003D9982 /* HomeTableViewCell.swift */; };
		6AADD1F629775359003D9982 /* Category.swift in Sources */ = {isa = PBXBuildFile; fileRef = 6AADD1F529775359003D9982 /* Category.swift */; };
		6AADD1F82977FFA8003D9982 /* APIResponse.swift in Sources */ = {isa = PBXBuildFile; fileRef = 6AADD1F72977FFA8003D9982 /* APIResponse.swift */; };
		6AADD1FB29780329003D9982 /* NetWorkManager.swift in Sources */ = {isa = PBXBuildFile; fileRef = 6AADD1FA29780329003D9982 /* NetWorkManager.swift */; };
		6AADD1FD297897F9003D9982 /* FilmsViewController.swift in Sources */ = {isa = PBXBuildFile; fileRef = 6AADD1FC297897F9003D9982 /* FilmsViewController.swift */; };
		6AADD20129789845003D9982 /* FilmTableViewCell.swift in Sources */ = {isa = PBXBuildFile; fileRef = 6AADD20029789845003D9982 /* FilmTableViewCell.swift */; };
		6AADD2082978C811003D9982 /* FormatDate+Extension.swift in Sources */ = {isa = PBXBuildFile; fileRef = 6AADD2072978C811003D9982 /* FormatDate+Extension.swift */; };
		6AADD20E297B5082003D9982 /* PeopleViewController.swift in Sources */ = {isa = PBXBuildFile; fileRef = 6AADD20D297B5082003D9982 /* PeopleViewController.swift */; };
		6AADD210297B509B003D9982 /* PeopleTableViewCell.swift in Sources */ = {isa = PBXBuildFile; fileRef = 6AADD20F297B509B003D9982 /* PeopleTableViewCell.swift */; };
		6AADD218297EA024003D9982 /* PlanetsViewController.swift in Sources */ = {isa = PBXBuildFile; fileRef = 6AADD217297EA024003D9982 /* PlanetsViewController.swift */; };
		6AADD21A297EA038003D9982 /* PlanetsTableViewCell.swift in Sources */ = {isa = PBXBuildFile; fileRef = 6AADD219297EA038003D9982 /* PlanetsTableViewCell.swift */; };
		6AADD21D297F3CEF003D9982 /* StarshipTableViewCell.swift in Sources */ = {isa = PBXBuildFile; fileRef = 6AADD21C297F3CEF003D9982 /* StarshipTableViewCell.swift */; };
		6AADD21F297F3D18003D9982 /* StarshipViewController.swift in Sources */ = {isa = PBXBuildFile; fileRef = 6AADD21E297F3D18003D9982 /* StarshipViewController.swift */; };
		6AADD22229834329003D9982 /* SpeciesViewController.swift in Sources */ = {isa = PBXBuildFile; fileRef = 6AADD22129834329003D9982 /* SpeciesViewController.swift */; };
		6AADD22429834341003D9982 /* SpeciesTableViewCell.swift in Sources */ = {isa = PBXBuildFile; fileRef = 6AADD22329834341003D9982 /* SpeciesTableViewCell.swift */; };
/* End PBXBuildFile section */

/* Begin PBXFileReference section */
		6AADD1D62975FDDD003D9982 /* StarWarsProjectApp.app */ = {isa = PBXFileReference; explicitFileType = wrapper.application; includeInIndex = 0; path = StarWarsProjectApp.app; sourceTree = BUILT_PRODUCTS_DIR; };
		6AADD1D92975FDDD003D9982 /* AppDelegate.swift */ = {isa = PBXFileReference; lastKnownFileType = sourcecode.swift; path = AppDelegate.swift; sourceTree = "<group>"; };
		6AADD1DB2975FDDD003D9982 /* SceneDelegate.swift */ = {isa = PBXFileReference; lastKnownFileType = sourcecode.swift; path = SceneDelegate.swift; sourceTree = "<group>"; };
		6AADD1DD2975FDDD003D9982 /* ViewController.swift */ = {isa = PBXFileReference; lastKnownFileType = sourcecode.swift; path = ViewController.swift; sourceTree = "<group>"; };
		6AADD1E22975FDDF003D9982 /* Assets.xcassets */ = {isa = PBXFileReference; lastKnownFileType = folder.assetcatalog; path = Assets.xcassets; sourceTree = "<group>"; };
		6AADD1E52975FDDF003D9982 /* Base */ = {isa = PBXFileReference; lastKnownFileType = file.storyboard; name = Base; path = Base.lproj/LaunchScreen.storyboard; sourceTree = "<group>"; };
		6AADD1E72975FDDF003D9982 /* Info.plist */ = {isa = PBXFileReference; lastKnownFileType = text.plist.xml; path = Info.plist; sourceTree = "<group>"; };
		6AADD1ED297751E5003D9982 /* HomeContactsViewController.swift */ = {isa = PBXFileReference; lastKnownFileType = sourcecode.swift; path = HomeContactsViewController.swift; sourceTree = "<group>"; };
		6AADD1F029775275003D9982 /* HomeTableViewCell.swift */ = {isa = PBXFileReference; lastKnownFileType = sourcecode.swift; path = HomeTableViewCell.swift; sourceTree = "<group>"; };
		6AADD1F529775359003D9982 /* Category.swift */ = {isa = PBXFileReference; lastKnownFileType = sourcecode.swift; path = Category.swift; sourceTree = "<group>"; };
		6AADD1F72977FFA8003D9982 /* APIResponse.swift */ = {isa = PBXFileReference; lastKnownFileType = sourcecode.swift; path = APIResponse.swift; sourceTree = "<group>"; };
		6AADD1FA29780329003D9982 /* NetWorkManager.swift */ = {isa = PBXFileReference; lastKnownFileType = sourcecode.swift; path = NetWorkManager.swift; sourceTree = "<group>"; };
		6AADD1FC297897F9003D9982 /* FilmsViewController.swift */ = {isa = PBXFileReference; lastKnownFileType = sourcecode.swift; path = FilmsViewController.swift; sourceTree = "<group>"; };
		6AADD20029789845003D9982 /* FilmTableViewCell.swift */ = {isa = PBXFileReference; lastKnownFileType = sourcecode.swift; path = FilmTableViewCell.swift; sourceTree = "<group>"; };
		6AADD2072978C811003D9982 /* FormatDate+Extension.swift */ = {isa = PBXFileReference; lastKnownFileType = sourcecode.swift; path = "FormatDate+Extension.swift"; sourceTree = "<group>"; };
		6AADD20D297B5082003D9982 /* PeopleViewController.swift */ = {isa = PBXFileReference; lastKnownFileType = sourcecode.swift; path = PeopleViewController.swift; sourceTree = "<group>"; };
		6AADD20F297B509B003D9982 /* PeopleTableViewCell.swift */ = {isa = PBXFileReference; lastKnownFileType = sourcecode.swift; path = PeopleTableViewCell.swift; sourceTree = "<group>"; };
		6AADD217297EA024003D9982 /* PlanetsViewController.swift */ = {isa = PBXFileReference; lastKnownFileType = sourcecode.swift; path = PlanetsViewController.swift; sourceTree = "<group>"; };
		6AADD219297EA038003D9982 /* PlanetsTableViewCell.swift */ = {isa = PBXFileReference; lastKnownFileType = sourcecode.swift; path = PlanetsTableViewCell.swift; sourceTree = "<group>"; };
		6AADD21C297F3CEF003D9982 /* StarshipTableViewCell.swift */ = {isa = PBXFileReference; lastKnownFileType = sourcecode.swift; path = StarshipTableViewCell.swift; sourceTree = "<group>"; };
		6AADD21E297F3D18003D9982 /* StarshipViewController.swift */ = {isa = PBXFileReference; lastKnownFileType = sourcecode.swift; path = StarshipViewController.swift; sourceTree = "<group>"; };
		6AADD22129834329003D9982 /* SpeciesViewController.swift */ = {isa = PBXFileReference; lastKnownFileType = sourcecode.swift; path = SpeciesViewController.swift; sourceTree = "<group>"; };
		6AADD22329834341003D9982 /* SpeciesTableViewCell.swift */ = {isa = PBXFileReference; lastKnownFileType = sourcecode.swift; path = SpeciesTableViewCell.swift; sourceTree = "<group>"; };
/* End PBXFileReference section */

/* Begin PBXFrameworksBuildPhase section */
		6AADD1D32975FDDD003D9982 /* Frameworks */ = {
			isa = PBXFrameworksBuildPhase;
			buildActionMask = 2147483647;
			files = (
			);
			runOnlyForDeploymentPostprocessing = 0;
		};
/* End PBXFrameworksBuildPhase section */

/* Begin PBXGroup section */
		6AADD1CD2975FDDD003D9982 = {
			isa = PBXGroup;
			children = (
				6AADD1D82975FDDD003D9982 /* StarWarsProjectApp */,
				6AADD1D72975FDDD003D9982 /* Products */,
			);
			sourceTree = "<group>";
		};
		6AADD1D72975FDDD003D9982 /* Products */ = {
			isa = PBXGroup;
			children = (
				6AADD1D62975FDDD003D9982 /* StarWarsProjectApp.app */,
			);
			name = Products;
			sourceTree = "<group>";
		};
		6AADD1D82975FDDD003D9982 /* StarWarsProjectApp */ = {
			isa = PBXGroup;
			children = (
				6AADD2062978C7F3003D9982 /* Extension */,
				6AADD1EF297751EC003D9982 /* Home */,
				6AADD1FE29789800003D9982 /* Films */,
				6AADD20329789C8D003D9982 /* People */,
				6AADD216297E9FFF003D9982 /* Planets  */,
				6AADD21B297F3CC6003D9982 /* Starships */,
				6AADD220298342E1003D9982 /* Species */,
				6AADD1F929780310003D9982 /* Managers */,
				6AADD1F229775317003D9982 /* Models */,
				6AADD1D92975FDDD003D9982 /* AppDelegate.swift */,
				6AADD1DB2975FDDD003D9982 /* SceneDelegate.swift */,
				6AADD1DD2975FDDD003D9982 /* ViewController.swift */,
				6AADD1E22975FDDF003D9982 /* Assets.xcassets */,
				6AADD1E42975FDDF003D9982 /* LaunchScreen.storyboard */,
				6AADD1E72975FDDF003D9982 /* Info.plist */,
			);
			path = StarWarsProjectApp;
			sourceTree = "<group>";
		};
		6AADD1EF297751EC003D9982 /* Home */ = {
			isa = PBXGroup;
			children = (
				6AADD1ED297751E5003D9982 /* HomeContactsViewController.swift */,
				6AADD1F029775275003D9982 /* HomeTableViewCell.swift */,
			);
			path = Home;
			sourceTree = "<group>";
		};
		6AADD1F229775317003D9982 /* Models */ = {
			isa = PBXGroup;
			children = (
				6AADD1F529775359003D9982 /* Category.swift */,
				6AADD1F72977FFA8003D9982 /* APIResponse.swift */,
			);
			path = Models;
			sourceTree = "<group>";
		};
		6AADD1F929780310003D9982 /* Managers */ = {
			isa = PBXGroup;
			children = (
				6AADD1FA29780329003D9982 /* NetWorkManager.swift */,
			);
			path = Managers;
			sourceTree = "<group>";
		};
		6AADD1FE29789800003D9982 /* Films */ = {
			isa = PBXGroup;
			children = (
				6AADD1FC297897F9003D9982 /* FilmsViewController.swift */,
				6AADD20029789845003D9982 /* FilmTableViewCell.swift */,
			);
			path = Films;
			sourceTree = "<group>";
		};
		6AADD20329789C8D003D9982 /* People */ = {
			isa = PBXGroup;
			children = (
				6AADD20D297B5082003D9982 /* PeopleViewController.swift */,
				6AADD20F297B509B003D9982 /* PeopleTableViewCell.swift */,
			);
			path = People;
			sourceTree = "<group>";
		};
		6AADD2062978C7F3003D9982 /* Extension */ = {
			isa = PBXGroup;
			children = (
				6AADD2072978C811003D9982 /* FormatDate+Extension.swift */,
			);
			path = Extension;
			sourceTree = "<group>";
		};
		6AADD216297E9FFF003D9982 /* Planets  */ = {
			isa = PBXGroup;
			children = (
				6AADD217297EA024003D9982 /* PlanetsViewController.swift */,
				6AADD219297EA038003D9982 /* PlanetsTableViewCell.swift */,
			);
			path = "Planets ";
			sourceTree = "<group>";
		};
		6AADD21B297F3CC6003D9982 /* Starships */ = {
			isa = PBXGroup;
			children = (
				6AADD21E297F3D18003D9982 /* StarshipViewController.swift */,
				6AADD21C297F3CEF003D9982 /* StarshipTableViewCell.swift */,
			);
			path = Starships;
			sourceTree = "<group>";
		};
		6AADD220298342E1003D9982 /* Species */ = {
			isa = PBXGroup;
			children = (
				6AADD22129834329003D9982 /* SpeciesViewController.swift */,
				6AADD22329834341003D9982 /* SpeciesTableViewCell.swift */,
			);
			path = Species;
			sourceTree = "<group>";
		};
/* End PBXGroup section */

/* Begin PBXNativeTarget section */
		6AADD1D52975FDDD003D9982 /* StarWarsProjectApp */ = {
			isa = PBXNativeTarget;
			buildConfigurationList = 6AADD1EA2975FDDF003D9982 /* Build configuration list for PBXNativeTarget "StarWarsProjectApp" */;
			buildPhases = (
				6AADD1D22975FDDD003D9982 /* Sources */,
				6AADD1D32975FDDD003D9982 /* Frameworks */,
				6AADD1D42975FDDD003D9982 /* Resources */,
			);
			buildRules = (
			);
			dependencies = (
			);
			name = StarWarsProjectApp;
			productName = StarWarsProjectApp;
			productReference = 6AADD1D62975FDDD003D9982 /* StarWarsProjectApp.app */;
			productType = "com.apple.product-type.application";
		};
/* End PBXNativeTarget section */

/* Begin PBXProject section */
		6AADD1CE2975FDDD003D9982 /* Project object */ = {
			isa = PBXProject;
			attributes = {
				BuildIndependentTargetsInParallel = 1;
				LastSwiftUpdateCheck = 1340;
				LastUpgradeCheck = 1340;
				TargetAttributes = {
					6AADD1D52975FDDD003D9982 = {
						CreatedOnToolsVersion = 13.4.1;
					};
				};
			};
			buildConfigurationList = 6AADD1D12975FDDD003D9982 /* Build configuration list for PBXProject "StarWarsProjectApp" */;
			compatibilityVersion = "Xcode 13.0";
			developmentRegion = en;
			hasScannedForEncodings = 0;
			knownRegions = (
				en,
				Base,
			);
			mainGroup = 6AADD1CD2975FDDD003D9982;
			productRefGroup = 6AADD1D72975FDDD003D9982 /* Products */;
			projectDirPath = "";
			projectRoot = "";
			targets = (
				6AADD1D52975FDDD003D9982 /* StarWarsProjectApp */,
			);
		};
/* End PBXProject section */

/* Begin PBXResourcesBuildPhase section */
		6AADD1D42975FDDD003D9982 /* Resources */ = {
			isa = PBXResourcesBuildPhase;
			buildActionMask = 2147483647;
			files = (
				6AADD1E62975FDDF003D9982 /* LaunchScreen.storyboard in Resources */,
				6AADD1E32975FDDF003D9982 /* Assets.xcassets in Resources */,
			);
			runOnlyForDeploymentPostprocessing = 0;
		};
/* End PBXResourcesBuildPhase section */

/* Begin PBXSourcesBuildPhase section */
		6AADD1D22975FDDD003D9982 /* Sources */ = {
			isa = PBXSourcesBuildPhase;
			buildActionMask = 2147483647;
			files = (
				6AADD22429834341003D9982 /* SpeciesTableViewCell.swift in Sources */,
				6AADD1EE297751E5003D9982 /* HomeContactsViewController.swift in Sources */,
				6AADD1F129775275003D9982 /* HomeTableViewCell.swift in Sources */,
				6AADD218297EA024003D9982 /* PlanetsViewController.swift in Sources */,
				6AADD1DE2975FDDD003D9982 /* ViewController.swift in Sources */,
				6AADD21F297F3D18003D9982 /* StarshipViewController.swift in Sources */,
				6AADD1F629775359003D9982 /* Category.swift in Sources */,
				6AADD1FD297897F9003D9982 /* FilmsViewController.swift in Sources */,
				6AADD20E297B5082003D9982 /* PeopleViewController.swift in Sources */,
				6AADD21D297F3CEF003D9982 /* StarshipTableViewCell.swift in Sources */,
				6AADD1FB29780329003D9982 /* NetWorkManager.swift in Sources */,
				6AADD1F82977FFA8003D9982 /* APIResponse.swift in Sources */,
				6AADD210297B509B003D9982 /* PeopleTableViewCell.swift in Sources */,
				6AADD2082978C811003D9982 /* FormatDate+Extension.swift in Sources */,
				6AADD1DA2975FDDD003D9982 /* AppDelegate.swift in Sources */,
				6AADD1DC2975FDDD003D9982 /* SceneDelegate.swift in Sources */,
				6AADD22229834329003D9982 /* SpeciesViewController.swift in Sources */,
				6AADD20129789845003D9982 /* FilmTableViewCell.swift in Sources */,
				6AADD21A297EA038003D9982 /* PlanetsTableViewCell.swift in Sources */,
			);
			runOnlyForDeploymentPostprocessing = 0;
		};
/* End PBXSourcesBuildPhase section */

/* Begin PBXVariantGroup section */
		6AADD1E42975FDDF003D9982 /* LaunchScreen.storyboard */ = {
			isa = PBXVariantGroup;
			children = (
				6AADD1E52975FDDF003D9982 /* Base */,
			);
			name = LaunchScreen.storyboard;
			sourceTree = "<group>";
		};
/* End PBXVariantGroup section */

/* Begin XCBuildConfiguration section */
		6AADD1E82975FDDF003D9982 /* Debug */ = {
			isa = XCBuildConfiguration;
			buildSettings = {
				ALWAYS_SEARCH_USER_PATHS = NO;
				CLANG_ANALYZER_NONNULL = YES;
				CLANG_ANALYZER_NUMBER_OBJECT_CONVERSION = YES_AGGRESSIVE;
				CLANG_CXX_LANGUAGE_STANDARD = "gnu++17";
				CLANG_ENABLE_MODULES = YES;
				CLANG_ENABLE_OBJC_ARC = YES;
				CLANG_ENABLE_OBJC_WEAK = YES;
				CLANG_WARN_BLOCK_CAPTURE_AUTORELEASING = YES;
				CLANG_WARN_BOOL_CONVERSION = YES;
				CLANG_WARN_COMMA = YES;
				CLANG_WARN_CONSTANT_CONVERSION = YES;
				CLANG_WARN_DEPRECATED_OBJC_IMPLEMENTATIONS = YES;
				CLANG_WARN_DIRECT_OBJC_ISA_USAGE = YES_ERROR;
				CLANG_WARN_DOCUMENTATION_COMMENTS = YES;
				CLANG_WARN_EMPTY_BODY = YES;
				CLANG_WARN_ENUM_CONVERSION = YES;
				CLANG_WARN_INFINITE_RECURSION = YES;
				CLANG_WARN_INT_CONVERSION = YES;
				CLANG_WARN_NON_LITERAL_NULL_CONVERSION = YES;
				CLANG_WARN_OBJC_IMPLICIT_RETAIN_SELF = YES;
				CLANG_WARN_OBJC_LITERAL_CONVERSION = YES;
				CLANG_WARN_OBJC_ROOT_CLASS = YES_ERROR;
				CLANG_WARN_QUOTED_INCLUDE_IN_FRAMEWORK_HEADER = YES;
				CLANG_WARN_RANGE_LOOP_ANALYSIS = YES;
				CLANG_WARN_STRICT_PROTOTYPES = YES;
				CLANG_WARN_SUSPICIOUS_MOVE = YES;
				CLANG_WARN_UNGUARDED_AVAILABILITY = YES_AGGRESSIVE;
				CLANG_WARN_UNREACHABLE_CODE = YES;
				CLANG_WARN__DUPLICATE_METHOD_MATCH = YES;
				COPY_PHASE_STRIP = NO;
				DEBUG_INFORMATION_FORMAT = dwarf;
				ENABLE_STRICT_OBJC_MSGSEND = YES;
				ENABLE_TESTABILITY = YES;
				GCC_C_LANGUAGE_STANDARD = gnu11;
				GCC_DYNAMIC_NO_PIC = NO;
				GCC_NO_COMMON_BLOCKS = YES;
				GCC_OPTIMIZATION_LEVEL = 0;
				GCC_PREPROCESSOR_DEFINITIONS = (
					"DEBUG=1",
					"$(inherited)",
				);
				GCC_WARN_64_TO_32_BIT_CONVERSION = YES;
				GCC_WARN_ABOUT_RETURN_TYPE = YES_ERROR;
				GCC_WARN_UNDECLARED_SELECTOR = YES;
				GCC_WARN_UNINITIALIZED_AUTOS = YES_AGGRESSIVE;
				GCC_WARN_UNUSED_FUNCTION = YES;
				GCC_WARN_UNUSED_VARIABLE = YES;
				IPHONEOS_DEPLOYMENT_TARGET = 15.5;
				MTL_ENABLE_DEBUG_INFO = INCLUDE_SOURCE;
				MTL_FAST_MATH = YES;
				ONLY_ACTIVE_ARCH = YES;
				SDKROOT = iphoneos;
				SWIFT_ACTIVE_COMPILATION_CONDITIONS = DEBUG;
				SWIFT_OPTIMIZATION_LEVEL = "-Onone";
			};
			name = Debug;
		};
		6AADD1E92975FDDF003D9982 /* Release */ = {
			isa = XCBuildConfiguration;
			buildSettings = {
				ALWAYS_SEARCH_USER_PATHS = NO;
				CLANG_ANALYZER_NONNULL = YES;
				CLANG_ANALYZER_NUMBER_OBJECT_CONVERSION = YES_AGGRESSIVE;
				CLANG_CXX_LANGUAGE_STANDARD = "gnu++17";
				CLANG_ENABLE_MODULES = YES;
				CLANG_ENABLE_OBJC_ARC = YES;
				CLANG_ENABLE_OBJC_WEAK = YES;
				CLANG_WARN_BLOCK_CAPTURE_AUTORELEASING = YES;
				CLANG_WARN_BOOL_CONVERSION = YES;
				CLANG_WARN_COMMA = YES;
				CLANG_WARN_CONSTANT_CONVERSION = YES;
				CLANG_WARN_DEPRECATED_OBJC_IMPLEMENTATIONS = YES;
				CLANG_WARN_DIRECT_OBJC_ISA_USAGE = YES_ERROR;
				CLANG_WARN_DOCUMENTATION_COMMENTS = YES;
				CLANG_WARN_EMPTY_BODY = YES;
				CLANG_WARN_ENUM_CONVERSION = YES;
				CLANG_WARN_INFINITE_RECURSION = YES;
				CLANG_WARN_INT_CONVERSION = YES;
				CLANG_WARN_NON_LITERAL_NULL_CONVERSION = YES;
				CLANG_WARN_OBJC_IMPLICIT_RETAIN_SELF = YES;
				CLANG_WARN_OBJC_LITERAL_CONVERSION = YES;
				CLANG_WARN_OBJC_ROOT_CLASS = YES_ERROR;
				CLANG_WARN_QUOTED_INCLUDE_IN_FRAMEWORK_HEADER = YES;
				CLANG_WARN_RANGE_LOOP_ANALYSIS = YES;
				CLANG_WARN_STRICT_PROTOTYPES = YES;
				CLANG_WARN_SUSPICIOUS_MOVE = YES;
				CLANG_WARN_UNGUARDED_AVAILABILITY = YES_AGGRESSIVE;
				CLANG_WARN_UNREACHABLE_CODE = YES;
				CLANG_WARN__DUPLICATE_METHOD_MATCH = YES;
				COPY_PHASE_STRIP = NO;
				DEBUG_INFORMATION_FORMAT = "dwarf-with-dsym";
				ENABLE_NS_ASSERTIONS = NO;
				ENABLE_STRICT_OBJC_MSGSEND = YES;
				GCC_C_LANGUAGE_STANDARD = gnu11;
				GCC_NO_COMMON_BLOCKS = YES;
				GCC_WARN_64_TO_32_BIT_CONVERSION = YES;
				GCC_WARN_ABOUT_RETURN_TYPE = YES_ERROR;
				GCC_WARN_UNDECLARED_SELECTOR = YES;
				GCC_WARN_UNINITIALIZED_AUTOS = YES_AGGRESSIVE;
				GCC_WARN_UNUSED_FUNCTION = YES;
				GCC_WARN_UNUSED_VARIABLE = YES;
				IPHONEOS_DEPLOYMENT_TARGET = 15.5;
				MTL_ENABLE_DEBUG_INFO = NO;
				MTL_FAST_MATH = YES;
				SDKROOT = iphoneos;
				SWIFT_COMPILATION_MODE = wholemodule;
				SWIFT_OPTIMIZATION_LEVEL = "-O";
				VALIDATE_PRODUCT = YES;
			};
			name = Release;
		};
		6AADD1EB2975FDDF003D9982 /* Debug */ = {
			isa = XCBuildConfiguration;
			buildSettings = {
				ASSETCATALOG_COMPILER_APPICON_NAME = AppIcon;
				ASSETCATALOG_COMPILER_GLOBAL_ACCENT_COLOR_NAME = AccentColor;
				CODE_SIGN_STYLE = Automatic;
				CURRENT_PROJECT_VERSION = 1;
				GENERATE_INFOPLIST_FILE = YES;
				INFOPLIST_FILE = StarWarsProjectApp/Info.plist;
				INFOPLIST_KEY_UIApplicationSupportsIndirectInputEvents = YES;
				INFOPLIST_KEY_UILaunchStoryboardName = LaunchScreen;
				INFOPLIST_KEY_UISupportedInterfaceOrientations_iPad = "UIInterfaceOrientationPortrait UIInterfaceOrientationPortraitUpsideDown UIInterfaceOrientationLandscapeLeft UIInterfaceOrientationLandscapeRight";
				INFOPLIST_KEY_UISupportedInterfaceOrientations_iPhone = "UIInterfaceOrientationPortrait UIInterfaceOrientationLandscapeLeft UIInterfaceOrientationLandscapeRight";
				LD_RUNPATH_SEARCH_PATHS = (
					"$(inherited)",
					"@executable_path/Frameworks",
				);
				MARKETING_VERSION = 1.0;
				PRODUCT_BUNDLE_IDENTIFIER = com.StarWarsApp.StarWarsProjectApp;
				PRODUCT_NAME = "$(TARGET_NAME)";
				SWIFT_EMIT_LOC_STRINGS = YES;
				SWIFT_VERSION = 5.0;
				TARGETED_DEVICE_FAMILY = "1,2";
			};
			name = Debug;
		};
		6AADD1EC2975FDDF003D9982 /* Release */ = {
			isa = XCBuildConfiguration;
			buildSettings = {
				ASSETCATALOG_COMPILER_APPICON_NAME = AppIcon;
				ASSETCATALOG_COMPILER_GLOBAL_ACCENT_COLOR_NAME = AccentColor;
				CODE_SIGN_STYLE = Automatic;
				CURRENT_PROJECT_VERSION = 1;
				GENERATE_INFOPLIST_FILE = YES;
				INFOPLIST_FILE = StarWarsProjectApp/Info.plist;
				INFOPLIST_KEY_UIApplicationSupportsIndirectInputEvents = YES;
				INFOPLIST_KEY_UILaunchStoryboardName = LaunchScreen;
				INFOPLIST_KEY_UISupportedInterfaceOrientations_iPad = "UIInterfaceOrientationPortrait UIInterfaceOrientationPortraitUpsideDown UIInterfaceOrientationLandscapeLeft UIInterfaceOrientationLandscapeRight";
				INFOPLIST_KEY_UISupportedInterfaceOrientations_iPhone = "UIInterfaceOrientationPortrait UIInterfaceOrientationLandscapeLeft UIInterfaceOrientationLandscapeRight";
				LD_RUNPATH_SEARCH_PATHS = (
					"$(inherited)",
					"@executable_path/Frameworks",
				);
				MARKETING_VERSION = 1.0;
				PRODUCT_BUNDLE_IDENTIFIER = com.StarWarsApp.StarWarsProjectApp;
				PRODUCT_NAME = "$(TARGET_NAME)";
				SWIFT_EMIT_LOC_STRINGS = YES;
				SWIFT_VERSION = 5.0;
				TARGETED_DEVICE_FAMILY = "1,2";
			};
			name = Release;
		};
/* End XCBuildConfiguration section */

/* Begin XCConfigurationList section */
		6AADD1D12975FDDD003D9982 /* Build configuration list for PBXProject "StarWarsProjectApp" */ = {
			isa = XCConfigurationList;
			buildConfigurations = (
				6AADD1E82975FDDF003D9982 /* Debug */,
				6AADD1E92975FDDF003D9982 /* Release */,
			);
			defaultConfigurationIsVisible = 0;
			defaultConfigurationName = Release;
		};
		6AADD1EA2975FDDF003D9982 /* Build configuration list for PBXNativeTarget "StarWarsProjectApp" */ = {
			isa = XCConfigurationList;
			buildConfigurations = (
				6AADD1EB2975FDDF003D9982 /* Debug */,
				6AADD1EC2975FDDF003D9982 /* Release */,
			);
			defaultConfigurationIsVisible = 0;
			defaultConfigurationName = Release;
		};
/* End XCConfigurationList section */
	};
	rootObject = 6AADD1CE2975FDDD003D9982 /* Project object */;
}
